// !$*UTF8*$!
{
	archiveVersion = 1;
	classes = {
	};
	objectVersion = 52;
	objects = {

/* Begin PBXBuildFile section */
		99102D1E258FF39D00F620BD /* ProfileController.swift in Sources */ = {isa = PBXBuildFile; fileRef = 99102D1D258FF39D00F620BD /* ProfileController.swift */; };
		99102D282591FFBE00F620BD /* NewsTableController.swift in Sources */ = {isa = PBXBuildFile; fileRef = 99102D272591FFBE00F620BD /* NewsTableController.swift */; };
		99102D2B2592077E00F620BD /* NewsViewCell.swift in Sources */ = {isa = PBXBuildFile; fileRef = 99102D2A2592077E00F620BD /* NewsViewCell.swift */; };
		9919951825C846D800E1E729 /* Session.swift in Sources */ = {isa = PBXBuildFile; fileRef = 9919951725C846D700E1E729 /* Session.swift */; };
		9949D1F0259F5A9600EF5DD4 /* PhotoFullViewCell.swift in Sources */ = {isa = PBXBuildFile; fileRef = 9949D1EE259F5A9600EF5DD4 /* PhotoFullViewCell.swift */; };
		9949D1F1259F5A9600EF5DD4 /* PhotoFullViewCell.xib in Resources */ = {isa = PBXBuildFile; fileRef = 9949D1EF259F5A9600EF5DD4 /* PhotoFullViewCell.xib */; };
		9949D1F6259F66BD00EF5DD4 /* FullScreenPhoto.swift in Sources */ = {isa = PBXBuildFile; fileRef = 9949D1F5259F66BD00EF5DD4 /* FullScreenPhoto.swift */; };
		9949D1FA259F6C2E00EF5DD4 /* FullScreenPhotoCell.swift in Sources */ = {isa = PBXBuildFile; fileRef = 9949D1F8259F6C2E00EF5DD4 /* FullScreenPhotoCell.swift */; };
		9949D1FB259F6C2E00EF5DD4 /* FullScreenPhotoCell.xib in Resources */ = {isa = PBXBuildFile; fileRef = 9949D1F9259F6C2E00EF5DD4 /* FullScreenPhotoCell.xib */; };
		9949D20A25A20C8700EF5DD4 /* PhotoGallery.swift in Sources */ = {isa = PBXBuildFile; fileRef = 9949D20925A20C8600EF5DD4 /* PhotoGallery.swift */; };
		995BFDDC259CE5CA0099FF45 /* DotController.swift in Sources */ = {isa = PBXBuildFile; fileRef = 995BFDDB259CE5CA0099FF45 /* DotController.swift */; };
		995E490C259883BB00C2864C /* Lottie in Frameworks */ = {isa = PBXBuildFile; productRef = 995E490B259883BB00C2864C /* Lottie */; };
		995E491825988ED200C2864C /* AnimationController.swift in Sources */ = {isa = PBXBuildFile; fileRef = 995E491725988ED200C2864C /* AnimationController.swift */; };
		995E491B2598948900C2864C /* Christmas.json in Resources */ = {isa = PBXBuildFile; fileRef = 995E491A2598948900C2864C /* Christmas.json */; };
		998166EB25840B59001DA1E3 /* FriendsTableController.swift in Sources */ = {isa = PBXBuildFile; fileRef = 998166EA25840B59001DA1E3 /* FriendsTableController.swift */; };
		998166F02584B3A7001DA1E3 /* TableViewCell.swift in Sources */ = {isa = PBXBuildFile; fileRef = 998166EF2584B3A7001DA1E3 /* TableViewCell.swift */; };
		998166F72584B5C8001DA1E3 /* CollectionViewController.swift in Sources */ = {isa = PBXBuildFile; fileRef = 998166F62584B5C8001DA1E3 /* CollectionViewController.swift */; };
		998167182584CC76001DA1E3 /* UserInfo.swift in Sources */ = {isa = PBXBuildFile; fileRef = 998166FE2584CC76001DA1E3 /* UserInfo.swift */; };
		998167302584CC76001DA1E3 /* GroupInfo.swift in Sources */ = {isa = PBXBuildFile; fileRef = 998167172584CC76001DA1E3 /* GroupInfo.swift */; };
		998167382584CD25001DA1E3 /* TableViewCellRecomendedGroups.swift in Sources */ = {isa = PBXBuildFile; fileRef = 998167342584CD25001DA1E3 /* TableViewCellRecomendedGroups.swift */; };
		998167392584CD25001DA1E3 /* TableViewControllerGroups.swift in Sources */ = {isa = PBXBuildFile; fileRef = 998167352584CD25001DA1E3 /* TableViewControllerGroups.swift */; };
		9981673A2584CD25001DA1E3 /* TableViewCellGroups.swift in Sources */ = {isa = PBXBuildFile; fileRef = 998167362584CD25001DA1E3 /* TableViewCellGroups.swift */; };
		9981673B2584CD25001DA1E3 /* TableViewControllerRecomendGroups.swift in Sources */ = {isa = PBXBuildFile; fileRef = 998167372584CD25001DA1E3 /* TableViewControllerRecomendGroups.swift */; };
		9981674325852279001DA1E3 /* LikeButton.swift in Sources */ = {isa = PBXBuildFile; fileRef = 9981674225852279001DA1E3 /* LikeButton.swift */; };
		99975AEC25A32BA000E11042 /* CustomNavigationController.swift in Sources */ = {isa = PBXBuildFile; fileRef = 99975AEB25A32B9F00E11042 /* CustomNavigationController.swift */; };
		99B547F42596A94400813960 /* NewsInfo.swift in Sources */ = {isa = PBXBuildFile; fileRef = 99B547F32596A94400813960 /* NewsInfo.swift */; };
		99FDD4AA2578394900EA39AB /* AppDelegate.swift in Sources */ = {isa = PBXBuildFile; fileRef = 99FDD4A92578394900EA39AB /* AppDelegate.swift */; };
		99FDD4AC2578394900EA39AB /* SceneDelegate.swift in Sources */ = {isa = PBXBuildFile; fileRef = 99FDD4AB2578394900EA39AB /* SceneDelegate.swift */; };
		99FDD4B12578394900EA39AB /* Main.storyboard in Resources */ = {isa = PBXBuildFile; fileRef = 99FDD4AF2578394900EA39AB /* Main.storyboard */; };
		99FDD4B32578394D00EA39AB /* Assets.xcassets in Resources */ = {isa = PBXBuildFile; fileRef = 99FDD4B22578394D00EA39AB /* Assets.xcassets */; };
		99FDD4B62578394D00EA39AB /* LaunchScreen.storyboard in Resources */ = {isa = PBXBuildFile; fileRef = 99FDD4B42578394D00EA39AB /* LaunchScreen.storyboard */; };
		99FDD4C025783AB300EA39AB /* LoginController.swift in Sources */ = {isa = PBXBuildFile; fileRef = 99FDD4BF25783AB300EA39AB /* LoginController.swift */; };
/* End PBXBuildFile section */

/* Begin PBXFileReference section */
		99102D1D258FF39D00F620BD /* ProfileController.swift */ = {isa = PBXFileReference; lastKnownFileType = sourcecode.swift; path = ProfileController.swift; sourceTree = "<group>"; };
		99102D272591FFBE00F620BD /* NewsTableController.swift */ = {isa = PBXFileReference; lastKnownFileType = sourcecode.swift; path = NewsTableController.swift; sourceTree = "<group>"; };
		99102D2A2592077E00F620BD /* NewsViewCell.swift */ = {isa = PBXFileReference; lastKnownFileType = sourcecode.swift; path = NewsViewCell.swift; sourceTree = "<group>"; };
		9919951725C846D700E1E729 /* Session.swift */ = {isa = PBXFileReference; lastKnownFileType = sourcecode.swift; path = Session.swift; sourceTree = "<group>"; };
		9949D1EE259F5A9600EF5DD4 /* PhotoFullViewCell.swift */ = {isa = PBXFileReference; lastKnownFileType = sourcecode.swift; path = PhotoFullViewCell.swift; sourceTree = "<group>"; };
		9949D1EF259F5A9600EF5DD4 /* PhotoFullViewCell.xib */ = {isa = PBXFileReference; lastKnownFileType = file.xib; path = PhotoFullViewCell.xib; sourceTree = "<group>"; };
		9949D1F5259F66BD00EF5DD4 /* FullScreenPhoto.swift */ = {isa = PBXFileReference; lastKnownFileType = sourcecode.swift; path = FullScreenPhoto.swift; sourceTree = "<group>"; };
		9949D1F8259F6C2E00EF5DD4 /* FullScreenPhotoCell.swift */ = {isa = PBXFileReference; lastKnownFileType = sourcecode.swift; path = FullScreenPhotoCell.swift; sourceTree = "<group>"; };
		9949D1F9259F6C2E00EF5DD4 /* FullScreenPhotoCell.xib */ = {isa = PBXFileReference; lastKnownFileType = file.xib; path = FullScreenPhotoCell.xib; sourceTree = "<group>"; };
		9949D20925A20C8600EF5DD4 /* PhotoGallery.swift */ = {isa = PBXFileReference; lastKnownFileType = sourcecode.swift; path = PhotoGallery.swift; sourceTree = "<group>"; };
		995BFDDB259CE5CA0099FF45 /* DotController.swift */ = {isa = PBXFileReference; lastKnownFileType = sourcecode.swift; path = DotController.swift; sourceTree = "<group>"; };
		995E491725988ED200C2864C /* AnimationController.swift */ = {isa = PBXFileReference; lastKnownFileType = sourcecode.swift; path = AnimationController.swift; sourceTree = "<group>"; };
		995E491A2598948900C2864C /* Christmas.json */ = {isa = PBXFileReference; fileEncoding = 4; lastKnownFileType = text.json; path = Christmas.json; sourceTree = "<group>"; };
		998166EA25840B59001DA1E3 /* FriendsTableController.swift */ = {isa = PBXFileReference; lastKnownFileType = sourcecode.swift; path = FriendsTableController.swift; sourceTree = "<group>"; };
		998166EF2584B3A7001DA1E3 /* TableViewCell.swift */ = {isa = PBXFileReference; lastKnownFileType = sourcecode.swift; path = TableViewCell.swift; sourceTree = "<group>"; };
		998166F62584B5C8001DA1E3 /* CollectionViewController.swift */ = {isa = PBXFileReference; lastKnownFileType = sourcecode.swift; path = CollectionViewController.swift; sourceTree = "<group>"; };
		998166FE2584CC76001DA1E3 /* UserInfo.swift */ = {isa = PBXFileReference; fileEncoding = 4; lastKnownFileType = sourcecode.swift; path = UserInfo.swift; sourceTree = "<group>"; };
		998167172584CC76001DA1E3 /* GroupInfo.swift */ = {isa = PBXFileReference; fileEncoding = 4; lastKnownFileType = sourcecode.swift; path = GroupInfo.swift; sourceTree = "<group>"; };
		998167342584CD25001DA1E3 /* TableViewCellRecomendedGroups.swift */ = {isa = PBXFileReference; fileEncoding = 4; lastKnownFileType = sourcecode.swift; path = TableViewCellRecomendedGroups.swift; sourceTree = "<group>"; };
		998167352584CD25001DA1E3 /* TableViewControllerGroups.swift */ = {isa = PBXFileReference; fileEncoding = 4; lastKnownFileType = sourcecode.swift; path = TableViewControllerGroups.swift; sourceTree = "<group>"; };
		998167362584CD25001DA1E3 /* TableViewCellGroups.swift */ = {isa = PBXFileReference; fileEncoding = 4; lastKnownFileType = sourcecode.swift; path = TableViewCellGroups.swift; sourceTree = "<group>"; };
		998167372584CD25001DA1E3 /* TableViewControllerRecomendGroups.swift */ = {isa = PBXFileReference; fileEncoding = 4; lastKnownFileType = sourcecode.swift; path = TableViewControllerRecomendGroups.swift; sourceTree = "<group>"; };
		9981674225852279001DA1E3 /* LikeButton.swift */ = {isa = PBXFileReference; lastKnownFileType = sourcecode.swift; path = LikeButton.swift; sourceTree = "<group>"; };
		99975AEB25A32B9F00E11042 /* CustomNavigationController.swift */ = {isa = PBXFileReference; lastKnownFileType = sourcecode.swift; path = CustomNavigationController.swift; sourceTree = "<group>"; };
		99B547F32596A94400813960 /* NewsInfo.swift */ = {isa = PBXFileReference; lastKnownFileType = sourcecode.swift; path = NewsInfo.swift; sourceTree = "<group>"; };
		99FDD4A62578394900EA39AB /* UI_Project.app */ = {isa = PBXFileReference; explicitFileType = wrapper.application; includeInIndex = 0; path = UI_Project.app; sourceTree = BUILT_PRODUCTS_DIR; };
		99FDD4A92578394900EA39AB /* AppDelegate.swift */ = {isa = PBXFileReference; lastKnownFileType = sourcecode.swift; path = AppDelegate.swift; sourceTree = "<group>"; };
		99FDD4AB2578394900EA39AB /* SceneDelegate.swift */ = {isa = PBXFileReference; lastKnownFileType = sourcecode.swift; path = SceneDelegate.swift; sourceTree = "<group>"; };
		99FDD4B02578394900EA39AB /* Base */ = {isa = PBXFileReference; lastKnownFileType = file.storyboard; name = Base; path = Base.lproj/Main.storyboard; sourceTree = "<group>"; };
		99FDD4B22578394D00EA39AB /* Assets.xcassets */ = {isa = PBXFileReference; lastKnownFileType = folder.assetcatalog; path = Assets.xcassets; sourceTree = "<group>"; };
		99FDD4B52578394D00EA39AB /* Base */ = {isa = PBXFileReference; lastKnownFileType = file.storyboard; name = Base; path = Base.lproj/LaunchScreen.storyboard; sourceTree = "<group>"; };
		99FDD4B72578394D00EA39AB /* Info.plist */ = {isa = PBXFileReference; lastKnownFileType = text.plist.xml; path = Info.plist; sourceTree = "<group>"; };
		99FDD4BF25783AB300EA39AB /* LoginController.swift */ = {isa = PBXFileReference; lastKnownFileType = sourcecode.swift; path = LoginController.swift; sourceTree = "<group>"; };
/* End PBXFileReference section */

/* Begin PBXFrameworksBuildPhase section */
		99FDD4A32578394900EA39AB /* Frameworks */ = {
			isa = PBXFrameworksBuildPhase;
			buildActionMask = 2147483647;
			files = (
				995E490C259883BB00C2864C /* Lottie in Frameworks */,
			);
			runOnlyForDeploymentPostprocessing = 0;
		};
/* End PBXFrameworksBuildPhase section */

/* Begin PBXGroup section */
		99102D222591FF6000F620BD /* News */ = {
			isa = PBXGroup;
			children = (
				99102D272591FFBE00F620BD /* NewsTableController.swift */,
				99102D2A2592077E00F620BD /* NewsViewCell.swift */,
			);
			path = News;
			sourceTree = "<group>";
		};
		9919951625C846AD00E1E729 /* Session */ = {
			isa = PBXGroup;
			children = (
				9919951725C846D700E1E729 /* Session.swift */,
			);
			path = Session;
			sourceTree = "<group>";
		};
		998166E6258409D7001DA1E3 /* Friends */ = {
			isa = PBXGroup;
			children = (
				998166F52584B59C001DA1E3 /* Photos */,
				998166EA25840B59001DA1E3 /* FriendsTableController.swift */,
				998166EF2584B3A7001DA1E3 /* TableViewCell.swift */,
				99102D1D258FF39D00F620BD /* ProfileController.swift */,
			);
			path = Friends;
			sourceTree = "<group>";
		};
		998166F52584B59C001DA1E3 /* Photos */ = {
			isa = PBXGroup;
			children = (
				998166F62584B5C8001DA1E3 /* CollectionViewController.swift */,
				9981674225852279001DA1E3 /* LikeButton.swift */,
				9949D1EE259F5A9600EF5DD4 /* PhotoFullViewCell.swift */,
				9949D1EF259F5A9600EF5DD4 /* PhotoFullViewCell.xib */,
				9949D1F5259F66BD00EF5DD4 /* FullScreenPhoto.swift */,
				9949D1F8259F6C2E00EF5DD4 /* FullScreenPhotoCell.swift */,
				9949D1F9259F6C2E00EF5DD4 /* FullScreenPhotoCell.xib */,
			);
			path = Photos;
			sourceTree = "<group>";
		};
		998166FD2584CC76001DA1E3 /* Model */ = {
			isa = PBXGroup;
			children = (
				998166FE2584CC76001DA1E3 /* UserInfo.swift */,
				998167172584CC76001DA1E3 /* GroupInfo.swift */,
				99B547F32596A94400813960 /* NewsInfo.swift */,
				9949D20925A20C8600EF5DD4 /* PhotoGallery.swift */,
			);
			path = Model;
			sourceTree = "<group>";
		};
		998167332584CD25001DA1E3 /* Groups */ = {
			isa = PBXGroup;
			children = (
				998167342584CD25001DA1E3 /* TableViewCellRecomendedGroups.swift */,
				998167352584CD25001DA1E3 /* TableViewControllerGroups.swift */,
				998167362584CD25001DA1E3 /* TableViewCellGroups.swift */,
				998167372584CD25001DA1E3 /* TableViewControllerRecomendGroups.swift */,
			);
			path = Groups;
			sourceTree = "<group>";
		};
		99975ABA25A2171E00E11042 /* Navi */ = {
			isa = PBXGroup;
			children = (
				99975AEB25A32B9F00E11042 /* CustomNavigationController.swift */,
			);
			path = Navi;
			sourceTree = "<group>";
		};
		99FDD49D2578394900EA39AB = {
			isa = PBXGroup;
			children = (
				99FDD4A82578394900EA39AB /* UI_Project */,
				99FDD4A72578394900EA39AB /* Products */,
			);
			sourceTree = "<group>";
		};
		99FDD4A72578394900EA39AB /* Products */ = {
			isa = PBXGroup;
			children = (
				99FDD4A62578394900EA39AB /* UI_Project.app */,
			);
			name = Products;
			sourceTree = "<group>";
		};
		99FDD4A82578394900EA39AB /* UI_Project */ = {
			isa = PBXGroup;
			children = (
				9919951625C846AD00E1E729 /* Session */,
				99975ABA25A2171E00E11042 /* Navi */,
				998167332584CD25001DA1E3 /* Groups */,
				998166E6258409D7001DA1E3 /* Friends */,
				998166FD2584CC76001DA1E3 /* Model */,
				99102D222591FF6000F620BD /* News */,
				99FDD4C225783AC600EA39AB /* LoginScreen */,
				99FDD4A92578394900EA39AB /* AppDelegate.swift */,
				99FDD4AB2578394900EA39AB /* SceneDelegate.swift */,
				99FDD4AF2578394900EA39AB /* Main.storyboard */,
				99FDD4B22578394D00EA39AB /* Assets.xcassets */,
				99FDD4B72578394D00EA39AB /* Info.plist */,
			);
			path = UI_Project;
			sourceTree = "<group>";
		};
		99FDD4C225783AC600EA39AB /* LoginScreen */ = {
			isa = PBXGroup;
			children = (
				995E491A2598948900C2864C /* Christmas.json */,
				99FDD4B42578394D00EA39AB /* LaunchScreen.storyboard */,
				99FDD4BF25783AB300EA39AB /* LoginController.swift */,
				995E491725988ED200C2864C /* AnimationController.swift */,
				995BFDDB259CE5CA0099FF45 /* DotController.swift */,
			);
			path = LoginScreen;
			sourceTree = "<group>";
		};
/* End PBXGroup section */

/* Begin PBXNativeTarget section */
		99FDD4A52578394900EA39AB /* UI_Project */ = {
			isa = PBXNativeTarget;
			buildConfigurationList = 99FDD4BA2578394D00EA39AB /* Build configuration list for PBXNativeTarget "UI_Project" */;
			buildPhases = (
				99FDD4A22578394900EA39AB /* Sources */,
				99FDD4A32578394900EA39AB /* Frameworks */,
				99FDD4A42578394900EA39AB /* Resources */,
			);
			buildRules = (
			);
			dependencies = (
			);
			name = UI_Project;
			packageProductDependencies = (
				995E490B259883BB00C2864C /* Lottie */,
			);
			productName = UI_Project;
			productReference = 99FDD4A62578394900EA39AB /* UI_Project.app */;
			productType = "com.apple.product-type.application";
		};
/* End PBXNativeTarget section */

/* Begin PBXProject section */
		99FDD49E2578394900EA39AB /* Project object */ = {
			isa = PBXProject;
			attributes = {
				LastSwiftUpdateCheck = 1220;
				LastUpgradeCheck = 1220;
				TargetAttributes = {
					99FDD4A52578394900EA39AB = {
						CreatedOnToolsVersion = 12.2;
					};
				};
			};
			buildConfigurationList = 99FDD4A12578394900EA39AB /* Build configuration list for PBXProject "UI_Project" */;
			compatibilityVersion = "Xcode 9.3";
			developmentRegion = en;
			hasScannedForEncodings = 0;
			knownRegions = (
				en,
				Base,
			);
			mainGroup = 99FDD49D2578394900EA39AB;
			packageReferences = (
				995E490A259883BB00C2864C /* XCRemoteSwiftPackageReference "lottie-ios" */,
			);
			productRefGroup = 99FDD4A72578394900EA39AB /* Products */;
			projectDirPath = "";
			projectRoot = "";
			targets = (
				99FDD4A52578394900EA39AB /* UI_Project */,
			);
		};
/* End PBXProject section */

/* Begin PBXResourcesBuildPhase section */
		99FDD4A42578394900EA39AB /* Resources */ = {
			isa = PBXResourcesBuildPhase;
			buildActionMask = 2147483647;
			files = (
				995E491B2598948900C2864C /* Christmas.json in Resources */,
				99FDD4B62578394D00EA39AB /* LaunchScreen.storyboard in Resources */,
				99FDD4B32578394D00EA39AB /* Assets.xcassets in Resources */,
				9949D1F1259F5A9600EF5DD4 /* PhotoFullViewCell.xib in Resources */,
				99FDD4B12578394900EA39AB /* Main.storyboard in Resources */,
				9949D1FB259F6C2E00EF5DD4 /* FullScreenPhotoCell.xib in Resources */,
			);
			runOnlyForDeploymentPostprocessing = 0;
		};
/* End PBXResourcesBuildPhase section */

/* Begin PBXSourcesBuildPhase section */
		99FDD4A22578394900EA39AB /* Sources */ = {
			isa = PBXSourcesBuildPhase;
			buildActionMask = 2147483647;
			files = (
				9949D1F0259F5A9600EF5DD4 /* PhotoFullViewCell.swift in Sources */,
				998166F02584B3A7001DA1E3 /* TableViewCell.swift in Sources */,
				99102D2B2592077E00F620BD /* NewsViewCell.swift in Sources */,
				995E491825988ED200C2864C /* AnimationController.swift in Sources */,
				9981673A2584CD25001DA1E3 /* TableViewCellGroups.swift in Sources */,
				998167382584CD25001DA1E3 /* TableViewCellRecomendedGroups.swift in Sources */,
				99FDD4C025783AB300EA39AB /* LoginController.swift in Sources */,
				99102D1E258FF39D00F620BD /* ProfileController.swift in Sources */,
				998167302584CC76001DA1E3 /* GroupInfo.swift in Sources */,
				99FDD4AA2578394900EA39AB /* AppDelegate.swift in Sources */,
				9919951825C846D800E1E729 /* Session.swift in Sources */,
				998167392584CD25001DA1E3 /* TableViewControllerGroups.swift in Sources */,
				9949D1F6259F66BD00EF5DD4 /* FullScreenPhoto.swift in Sources */,
				99B547F42596A94400813960 /* NewsInfo.swift in Sources */,
				9949D20A25A20C8700EF5DD4 /* PhotoGallery.swift in Sources */,
				9949D1FA259F6C2E00EF5DD4 /* FullScreenPhotoCell.swift in Sources */,
				9981673B2584CD25001DA1E3 /* TableViewControllerRecomendGroups.swift in Sources */,
				995BFDDC259CE5CA0099FF45 /* DotController.swift in Sources */,
				998166F72584B5C8001DA1E3 /* CollectionViewController.swift in Sources */,
				99FDD4AC2578394900EA39AB /* SceneDelegate.swift in Sources */,
				998167182584CC76001DA1E3 /* UserInfo.swift in Sources */,
				99102D282591FFBE00F620BD /* NewsTableController.swift in Sources */,
				99975AEC25A32BA000E11042 /* CustomNavigationController.swift in Sources */,
				9981674325852279001DA1E3 /* LikeButton.swift in Sources */,
				998166EB25840B59001DA1E3 /* FriendsTableController.swift in Sources */,
			);
			runOnlyForDeploymentPostprocessing = 0;
		};
/* End PBXSourcesBuildPhase section */

/* Begin PBXVariantGroup section */
		99FDD4AF2578394900EA39AB /* Main.storyboard */ = {
			isa = PBXVariantGroup;
			children = (
				99FDD4B02578394900EA39AB /* Base */,
			);
			name = Main.storyboard;
			sourceTree = "<group>";
		};
		99FDD4B42578394D00EA39AB /* LaunchScreen.storyboard */ = {
			isa = PBXVariantGroup;
			children = (
				99FDD4B52578394D00EA39AB /* Base */,
			);
			name = LaunchScreen.storyboard;
			sourceTree = "<group>";
		};
/* End PBXVariantGroup section */

/* Begin XCBuildConfiguration section */
		99FDD4B82578394D00EA39AB /* Debug */ = {
			isa = XCBuildConfiguration;
			buildSettings = {
				ALWAYS_SEARCH_USER_PATHS = NO;
				CLANG_ANALYZER_NONNULL = YES;
				CLANG_ANALYZER_NUMBER_OBJECT_CONVERSION = YES_AGGRESSIVE;
				CLANG_CXX_LANGUAGE_STANDARD = "gnu++14";
				CLANG_CXX_LIBRARY = "libc++";
				CLANG_ENABLE_MODULES = YES;
				CLANG_ENABLE_OBJC_ARC = YES;
				CLANG_ENABLE_OBJC_WEAK = YES;
				CLANG_WARN_BLOCK_CAPTURE_AUTORELEASING = YES;
				CLANG_WARN_BOOL_CONVERSION = YES;
				CLANG_WARN_COMMA = YES;
				CLANG_WARN_CONSTANT_CONVERSION = YES;
				CLANG_WARN_DEPRECATED_OBJC_IMPLEMENTATIONS = YES;
				CLANG_WARN_DIRECT_OBJC_ISA_USAGE = YES_ERROR;
				CLANG_WARN_DOCUMENTATION_COMMENTS = YES;
				CLANG_WARN_EMPTY_BODY = YES;
				CLANG_WARN_ENUM_CONVERSION = YES;
				CLANG_WARN_INFINITE_RECURSION = YES;
				CLANG_WARN_INT_CONVERSION = YES;
				CLANG_WARN_NON_LITERAL_NULL_CONVERSION = YES;
				CLANG_WARN_OBJC_IMPLICIT_RETAIN_SELF = YES;
				CLANG_WARN_OBJC_LITERAL_CONVERSION = YES;
				CLANG_WARN_OBJC_ROOT_CLASS = YES_ERROR;
				CLANG_WARN_QUOTED_INCLUDE_IN_FRAMEWORK_HEADER = YES;
				CLANG_WARN_RANGE_LOOP_ANALYSIS = YES;
				CLANG_WARN_STRICT_PROTOTYPES = YES;
				CLANG_WARN_SUSPICIOUS_MOVE = YES;
				CLANG_WARN_UNGUARDED_AVAILABILITY = YES_AGGRESSIVE;
				CLANG_WARN_UNREACHABLE_CODE = YES;
				CLANG_WARN__DUPLICATE_METHOD_MATCH = YES;
				COPY_PHASE_STRIP = NO;
				DEBUG_INFORMATION_FORMAT = dwarf;
				ENABLE_STRICT_OBJC_MSGSEND = YES;
				ENABLE_TESTABILITY = YES;
				GCC_C_LANGUAGE_STANDARD = gnu11;
				GCC_DYNAMIC_NO_PIC = NO;
				GCC_NO_COMMON_BLOCKS = YES;
				GCC_OPTIMIZATION_LEVEL = 0;
				GCC_PREPROCESSOR_DEFINITIONS = (
					"DEBUG=1",
					"$(inherited)",
				);
				GCC_WARN_64_TO_32_BIT_CONVERSION = YES;
				GCC_WARN_ABOUT_RETURN_TYPE = YES_ERROR;
				GCC_WARN_UNDECLARED_SELECTOR = YES;
				GCC_WARN_UNINITIALIZED_AUTOS = YES_AGGRESSIVE;
				GCC_WARN_UNUSED_FUNCTION = YES;
				GCC_WARN_UNUSED_VARIABLE = YES;
				IPHONEOS_DEPLOYMENT_TARGET = 14.2;
				MTL_ENABLE_DEBUG_INFO = INCLUDE_SOURCE;
				MTL_FAST_MATH = YES;
				ONLY_ACTIVE_ARCH = YES;
				SDKROOT = iphoneos;
				SWIFT_ACTIVE_COMPILATION_CONDITIONS = DEBUG;
				SWIFT_OPTIMIZATION_LEVEL = "-Onone";
			};
			name = Debug;
		};
		99FDD4B92578394D00EA39AB /* Release */ = {
			isa = XCBuildConfiguration;
			buildSettings = {
				ALWAYS_SEARCH_USER_PATHS = NO;
				CLANG_ANALYZER_NONNULL = YES;
				CLANG_ANALYZER_NUMBER_OBJECT_CONVERSION = YES_AGGRESSIVE;
				CLANG_CXX_LANGUAGE_STANDARD = "gnu++14";
				CLANG_CXX_LIBRARY = "libc++";
				CLANG_ENABLE_MODULES = YES;
				CLANG_ENABLE_OBJC_ARC = YES;
				CLANG_ENABLE_OBJC_WEAK = YES;
				CLANG_WARN_BLOCK_CAPTURE_AUTORELEASING = YES;
				CLANG_WARN_BOOL_CONVERSION = YES;
				CLANG_WARN_COMMA = YES;
				CLANG_WARN_CONSTANT_CONVERSION = YES;
				CLANG_WARN_DEPRECATED_OBJC_IMPLEMENTATIONS = YES;
				CLANG_WARN_DIRECT_OBJC_ISA_USAGE = YES_ERROR;
				CLANG_WARN_DOCUMENTATION_COMMENTS = YES;
				CLANG_WARN_EMPTY_BODY = YES;
				CLANG_WARN_ENUM_CONVERSION = YES;
				CLANG_WARN_INFINITE_RECURSION = YES;
				CLANG_WARN_INT_CONVERSION = YES;
				CLANG_WARN_NON_LITERAL_NULL_CONVERSION = YES;
				CLANG_WARN_OBJC_IMPLICIT_RETAIN_SELF = YES;
				CLANG_WARN_OBJC_LITERAL_CONVERSION = YES;
				CLANG_WARN_OBJC_ROOT_CLASS = YES_ERROR;
				CLANG_WARN_QUOTED_INCLUDE_IN_FRAMEWORK_HEADER = YES;
				CLANG_WARN_RANGE_LOOP_ANALYSIS = YES;
				CLANG_WARN_STRICT_PROTOTYPES = YES;
				CLANG_WARN_SUSPICIOUS_MOVE = YES;
				CLANG_WARN_UNGUARDED_AVAILABILITY = YES_AGGRESSIVE;
				CLANG_WARN_UNREACHABLE_CODE = YES;
				CLANG_WARN__DUPLICATE_METHOD_MATCH = YES;
				COPY_PHASE_STRIP = NO;
				DEBUG_INFORMATION_FORMAT = "dwarf-with-dsym";
				ENABLE_NS_ASSERTIONS = NO;
				ENABLE_STRICT_OBJC_MSGSEND = YES;
				GCC_C_LANGUAGE_STANDARD = gnu11;
				GCC_NO_COMMON_BLOCKS = YES;
				GCC_WARN_64_TO_32_BIT_CONVERSION = YES;
				GCC_WARN_ABOUT_RETURN_TYPE = YES_ERROR;
				GCC_WARN_UNDECLARED_SELECTOR = YES;
				GCC_WARN_UNINITIALIZED_AUTOS = YES_AGGRESSIVE;
				GCC_WARN_UNUSED_FUNCTION = YES;
				GCC_WARN_UNUSED_VARIABLE = YES;
				IPHONEOS_DEPLOYMENT_TARGET = 14.2;
				MTL_ENABLE_DEBUG_INFO = NO;
				MTL_FAST_MATH = YES;
				SDKROOT = iphoneos;
				SWIFT_COMPILATION_MODE = wholemodule;
				SWIFT_OPTIMIZATION_LEVEL = "-O";
				VALIDATE_PRODUCT = YES;
			};
			name = Release;
		};
		99FDD4BB2578394D00EA39AB /* Debug */ = {
			isa = XCBuildConfiguration;
			buildSettings = {
				ASSETCATALOG_COMPILER_APPICON_NAME = AppIcon;
				ASSETCATALOG_COMPILER_GLOBAL_ACCENT_COLOR_NAME = AccentColor;
				CODE_SIGN_STYLE = Automatic;
				DEVELOPMENT_TEAM = AMLM73LX7T;
				INFOPLIST_FILE = UI_Project/Info.plist;
				LD_RUNPATH_SEARCH_PATHS = (
					"$(inherited)",
					"@executable_path/Frameworks",
				);
				PRODUCT_BUNDLE_IDENTIFIER = "Home.UI-Project";
				PRODUCT_NAME = "$(TARGET_NAME)";
				SWIFT_VERSION = 5.0;
				TARGETED_DEVICE_FAMILY = "1,2";
			};
			name = Debug;
		};
		99FDD4BC2578394D00EA39AB /* Release */ = {
			isa = XCBuildConfiguration;
			buildSettings = {
				ASSETCATALOG_COMPILER_APPICON_NAME = AppIcon;
				ASSETCATALOG_COMPILER_GLOBAL_ACCENT_COLOR_NAME = AccentColor;
				CODE_SIGN_STYLE = Automatic;
				DEVELOPMENT_TEAM = AMLM73LX7T;
				INFOPLIST_FILE = UI_Project/Info.plist;
				LD_RUNPATH_SEARCH_PATHS = (
					"$(inherited)",
					"@executable_path/Frameworks",
				);
				PRODUCT_BUNDLE_IDENTIFIER = "Home.UI-Project";
				PRODUCT_NAME = "$(TARGET_NAME)";
				SWIFT_VERSION = 5.0;
				TARGETED_DEVICE_FAMILY = "1,2";
			};
			name = Release;
		};
/* End XCBuildConfiguration section */

/* Begin XCConfigurationList section */
		99FDD4A12578394900EA39AB /* Build configuration list for PBXProject "UI_Project" */ = {
			isa = XCConfigurationList;
			buildConfigurations = (
				99FDD4B82578394D00EA39AB /* Debug */,
				99FDD4B92578394D00EA39AB /* Release */,
			);
			defaultConfigurationIsVisible = 0;
			defaultConfigurationName = Release;
		};
		99FDD4BA2578394D00EA39AB /* Build configuration list for PBXNativeTarget "UI_Project" */ = {
			isa = XCConfigurationList;
			buildConfigurations = (
				99FDD4BB2578394D00EA39AB /* Debug */,
				99FDD4BC2578394D00EA39AB /* Release */,
			);
			defaultConfigurationIsVisible = 0;
			defaultConfigurationName = Release;
		};
/* End XCConfigurationList section */

/* Begin XCRemoteSwiftPackageReference section */
		995E490A259883BB00C2864C /* XCRemoteSwiftPackageReference "lottie-ios" */ = {
			isa = XCRemoteSwiftPackageReference;
			repositoryURL = "https://github.com/airbnb/lottie-ios";
			requirement = {
				kind = upToNextMajorVersion;
				minimumVersion = 3.1.9;
			};
		};
/* End XCRemoteSwiftPackageReference section */

/* Begin XCSwiftPackageProductDependency section */
		995E490B259883BB00C2864C /* Lottie */ = {
			isa = XCSwiftPackageProductDependency;
			package = 995E490A259883BB00C2864C /* XCRemoteSwiftPackageReference "lottie-ios" */;
			productName = Lottie;
		};
/* End XCSwiftPackageProductDependency section */
	};
	rootObject = 99FDD49E2578394900EA39AB /* Project object */;
}
