PODS:
  - Alamofire (5.4.3)
  - DynamicJSON (2.0.2)
  - Kingfisher (6.3.0)
  - lottie-ios (3.2.3)
  - Realm (10.8.1):
    - Realm/Headers (= 10.8.1)
  - Realm/Headers (10.8.1)
  - RealmSwift (10.8.1):
    - Realm (= 10.8.1)

DEPENDENCIES:
  - Alamofire
  - DynamicJSON
  - Kingfisher
  - lottie-ios
  - RealmSwift

SPEC REPOS:
  trunk:
    - Alamofire
    - DynamicJSON
    - Kingfisher
    - lottie-ios
    - Realm
    - RealmSwift

SPEC CHECKSUMS:
  Alamofire: e447a2774a40c996748296fa2c55112fdbbc42f9
  DynamicJSON: fc0c5a82980ff8aa956156f04d84fcdb2822e875
  Kingfisher: 6c3df386db71d82c0817a429d2c9421a77396529
  lottie-ios: c058aeafa76daa4cf64d773554bccc8385d0150e
  Realm: a2db54d9dcceddeba936b429f5b3d6610a109686
  RealmSwift: 2a3c75ecbf5a3b04080ff5f6f0554cf6337b4764

PODFILE CHECKSUM: 1d49578a7a85cfc964656dde642ebc66d29c0ad0

COCOAPODS: 1.10.1
